
Microsoft Visual Studio Solution File, Format Version 12.00
# Visual Studio Version 16
VisualStudioVersion = 16.0.29424.173
MinimumVisualStudioVersion = 10.0.40219.1
Project("{FAE04EC0-301F-11D3-BF4B-00C04F79EFBC}") = "Hello_CodeFirst_MVC_my", "Hello_CodeFirst_MVC_my\Hello_CodeFirst_MVC_my.csproj", "{079E9393-B81C-4A6C-B73E-5ED0DB9E5326}"
EndProject
Global
	GlobalSection(SolutionConfigurationPlatforms) = preSolution
		Debug|Any CPU = Debug|Any CPU
		Release|Any CPU = Release|Any CPU
	EndGlobalSection
	GlobalSection(ProjectConfigurationPlatforms) = postSolution
		{079E9393-B81C-4A6C-B73E-5ED0DB9E5326}.Debug|Any CPU.ActiveCfg = Debug|Any CPU
		{079E9393-B81C-4A6C-B73E-5ED0DB9E5326}.Debug|Any CPU.Build.0 = Debug|Any CPU
		{079E9393-B81C-4A6C-B73E-5ED0DB9E5326}.Release|Any CPU.ActiveCfg = Release|Any CPU
		{079E9393-B81C-4A6C-B73E-5ED0DB9E5326}.Release|Any CPU.Build.0 = Release|Any CPU
	EndGlobalSection
	GlobalSection(SolutionProperties) = preSolution
		HideSolutionNode = FALSE
	EndGlobalSection
	GlobalSection(ExtensibilityGlobals) = postSolution
		SolutionGuid = {E7FF40F0-9704-40BF-8BAB-D7092F7F6297}
	EndGlobalSection
EndGlobal
